
Microsoft Visual Studio Solution File, Format Version 12.00
# Visual Studio Version 17
VisualStudioVersion = 17.2.32427.441
MinimumVisualStudioVersion = 10.0.40219.1
Project("{9A19103F-16F7-4668-BE54-9A1E7A4F7556}") = "Bank3", "Bank3\Bank3.csproj", "{95E2D063-A215-469C-B6F6-7368BA2B5E8C}"
EndProject
Project("{9A19103F-16F7-4668-BE54-9A1E7A4F7556}") = "Bank3.UnitTests", "Bank3.UnitTests\Bank3.UnitTests.csproj", "{94138622-34EB-432F-A205-B9E36F5DA0B7}"
EndProject
Project("{9A19103F-16F7-4668-BE54-9A1E7A4F7556}") = "Bank3.Api", "Bank3.Api\Bank3.Api.csproj", "{84412583-38FC-49F6-A7CB-819C2A6B0BC8}"
EndProject
Project("{E53339B2-1760-4266-BCC7-CA923CBCF16C}") = "docker-compose", "docker-compose.dcproj", "{2ED51481-21F3-4266-B22C-CB41FC972A95}"
EndProject
Project("{9A19103F-16F7-4668-BE54-9A1E7A4F7556}") = "Bank3.Api.IntegrationTests", "Bank3.Api.IntegrationTests\Bank3.Api.IntegrationTests.csproj", "{82BD0F14-E9AB-48B5-9776-C8D310E95A9A}"
EndProject
Project("{9A19103F-16F7-4668-BE54-9A1E7A4F7556}") = "Bank3.FraudApi", "Bank3.FraudApi\Bank3.FraudApi.csproj", "{93D77507-485D-498D-A0C3-66BF0854EC50}"
EndProject
Project("{9A19103F-16F7-4668-BE54-9A1E7A4F7556}") = "Bank3.FraudApi.IntegrationTests", "Bank3.FraudApi.IntegrationTests\Bank3.FraudApi.IntegrationTests.csproj", "{59433356-7831-44A2-8161-F11D0C4BA6CC}"
EndProject
Global
	GlobalSection(SolutionConfigurationPlatforms) = preSolution
		Debug|Any CPU = Debug|Any CPU
		Release|Any CPU = Release|Any CPU
	EndGlobalSection
	GlobalSection(ProjectConfigurationPlatforms) = postSolution
		{95E2D063-A215-469C-B6F6-7368BA2B5E8C}.Debug|Any CPU.ActiveCfg = Debug|Any CPU
		{95E2D063-A215-469C-B6F6-7368BA2B5E8C}.Debug|Any CPU.Build.0 = Debug|Any CPU
		{95E2D063-A215-469C-B6F6-7368BA2B5E8C}.Release|Any CPU.ActiveCfg = Release|Any CPU
		{95E2D063-A215-469C-B6F6-7368BA2B5E8C}.Release|Any CPU.Build.0 = Release|Any CPU
		{94138622-34EB-432F-A205-B9E36F5DA0B7}.Debug|Any CPU.ActiveCfg = Debug|Any CPU
		{94138622-34EB-432F-A205-B9E36F5DA0B7}.Debug|Any CPU.Build.0 = Debug|Any CPU
		{94138622-34EB-432F-A205-B9E36F5DA0B7}.Release|Any CPU.ActiveCfg = Release|Any CPU
		{94138622-34EB-432F-A205-B9E36F5DA0B7}.Release|Any CPU.Build.0 = Release|Any CPU
		{84412583-38FC-49F6-A7CB-819C2A6B0BC8}.Debug|Any CPU.ActiveCfg = Debug|Any CPU
		{84412583-38FC-49F6-A7CB-819C2A6B0BC8}.Debug|Any CPU.Build.0 = Debug|Any CPU
		{84412583-38FC-49F6-A7CB-819C2A6B0BC8}.Release|Any CPU.ActiveCfg = Release|Any CPU
		{84412583-38FC-49F6-A7CB-819C2A6B0BC8}.Release|Any CPU.Build.0 = Release|Any CPU
		{2ED51481-21F3-4266-B22C-CB41FC972A95}.Debug|Any CPU.ActiveCfg = Debug|Any CPU
		{2ED51481-21F3-4266-B22C-CB41FC972A95}.Debug|Any CPU.Build.0 = Debug|Any CPU
		{2ED51481-21F3-4266-B22C-CB41FC972A95}.Release|Any CPU.ActiveCfg = Release|Any CPU
		{2ED51481-21F3-4266-B22C-CB41FC972A95}.Release|Any CPU.Build.0 = Release|Any CPU
		{82BD0F14-E9AB-48B5-9776-C8D310E95A9A}.Debug|Any CPU.ActiveCfg = Debug|Any CPU
		{82BD0F14-E9AB-48B5-9776-C8D310E95A9A}.Debug|Any CPU.Build.0 = Debug|Any CPU
		{82BD0F14-E9AB-48B5-9776-C8D310E95A9A}.Release|Any CPU.ActiveCfg = Release|Any CPU
		{82BD0F14-E9AB-48B5-9776-C8D310E95A9A}.Release|Any CPU.Build.0 = Release|Any CPU
		{93D77507-485D-498D-A0C3-66BF0854EC50}.Debug|Any CPU.ActiveCfg = Debug|Any CPU
		{93D77507-485D-498D-A0C3-66BF0854EC50}.Debug|Any CPU.Build.0 = Debug|Any CPU
		{93D77507-485D-498D-A0C3-66BF0854EC50}.Release|Any CPU.ActiveCfg = Release|Any CPU
		{93D77507-485D-498D-A0C3-66BF0854EC50}.Release|Any CPU.Build.0 = Release|Any CPU
		{59433356-7831-44A2-8161-F11D0C4BA6CC}.Debug|Any CPU.ActiveCfg = Debug|Any CPU
		{59433356-7831-44A2-8161-F11D0C4BA6CC}.Debug|Any CPU.Build.0 = Debug|Any CPU
		{59433356-7831-44A2-8161-F11D0C4BA6CC}.Release|Any CPU.ActiveCfg = Release|Any CPU
		{59433356-7831-44A2-8161-F11D0C4BA6CC}.Release|Any CPU.Build.0 = Release|Any CPU
	EndGlobalSection
	GlobalSection(SolutionProperties) = preSolution
		HideSolutionNode = FALSE
	EndGlobalSection
	GlobalSection(ExtensibilityGlobals) = postSolution
		SolutionGuid = {102B697E-9500-49FC-A27D-CF2B0F162F35}
	EndGlobalSection
EndGlobal
