
Microsoft Visual Studio Solution File, Format Version 12.00
# Visual Studio Version 17
VisualStudioVersion = 17.2.32427.441
MinimumVisualStudioVersion = 10.0.40219.1
Project("{9A19103F-16F7-4668-BE54-9A1E7A4F7556}") = "Bank3", "Bank3\Bank3.csproj", "{95E2D063-A215-469C-B6F6-7368BA2B5E8C}"
EndProject
Project("{FAE04EC0-301F-11D3-BF4B-00C04F79EFBC}") = "Bank3.UnitTests", "Bank3.UnitTests\Bank3.UnitTests.csproj", "{94138622-34EB-432F-A205-B9E36F5DA0B7}"
EndProject
Global
	GlobalSection(SolutionConfigurationPlatforms) = preSolution
		Debug|Any CPU = Debug|Any CPU
		Release|Any CPU = Release|Any CPU
	EndGlobalSection
	GlobalSection(ProjectConfigurationPlatforms) = postSolution
		{95E2D063-A215-469C-B6F6-7368BA2B5E8C}.Debug|Any CPU.ActiveCfg = Debug|Any CPU
		{95E2D063-A215-469C-B6F6-7368BA2B5E8C}.Debug|Any CPU.Build.0 = Debug|Any CPU
		{95E2D063-A215-469C-B6F6-7368BA2B5E8C}.Release|Any CPU.ActiveCfg = Release|Any CPU
		{95E2D063-A215-469C-B6F6-7368BA2B5E8C}.Release|Any CPU.Build.0 = Release|Any CPU
		{94138622-34EB-432F-A205-B9E36F5DA0B7}.Debug|Any CPU.ActiveCfg = Debug|Any CPU
		{94138622-34EB-432F-A205-B9E36F5DA0B7}.Debug|Any CPU.Build.0 = Debug|Any CPU
		{94138622-34EB-432F-A205-B9E36F5DA0B7}.Release|Any CPU.ActiveCfg = Release|Any CPU
		{94138622-34EB-432F-A205-B9E36F5DA0B7}.Release|Any CPU.Build.0 = Release|Any CPU
	EndGlobalSection
	GlobalSection(SolutionProperties) = preSolution
		HideSolutionNode = FALSE
	EndGlobalSection
	GlobalSection(ExtensibilityGlobals) = postSolution
		SolutionGuid = {102B697E-9500-49FC-A27D-CF2B0F162F35}
	EndGlobalSection
EndGlobal
