
Microsoft Visual Studio Solution File, Format Version 12.00
# Visual Studio Version 17
VisualStudioVersion = 17.2.32427.441
MinimumVisualStudioVersion = 10.0.40219.1
Project("{9A19103F-16F7-4668-BE54-9A1E7A4F7556}") = "Bank2", "Bank2\Bank2.csproj", "{A7D9FC4B-2AC0-4088-8758-E0EFF309F58F}"
EndProject
Project("{FAE04EC0-301F-11D3-BF4B-00C04F79EFBC}") = "Bank2.UnitTests", "Bank2.UnitTests\Bank2.UnitTests.csproj", "{28B1253B-EFF2-4788-A602-0649A12F08AE}"
EndProject
Global
	GlobalSection(SolutionConfigurationPlatforms) = preSolution
		Debug|Any CPU = Debug|Any CPU
		Release|Any CPU = Release|Any CPU
	EndGlobalSection
	GlobalSection(ProjectConfigurationPlatforms) = postSolution
		{A7D9FC4B-2AC0-4088-8758-E0EFF309F58F}.Debug|Any CPU.ActiveCfg = Debug|Any CPU
		{A7D9FC4B-2AC0-4088-8758-E0EFF309F58F}.Debug|Any CPU.Build.0 = Debug|Any CPU
		{A7D9FC4B-2AC0-4088-8758-E0EFF309F58F}.Release|Any CPU.ActiveCfg = Release|Any CPU
		{A7D9FC4B-2AC0-4088-8758-E0EFF309F58F}.Release|Any CPU.Build.0 = Release|Any CPU
		{28B1253B-EFF2-4788-A602-0649A12F08AE}.Debug|Any CPU.ActiveCfg = Debug|Any CPU
		{28B1253B-EFF2-4788-A602-0649A12F08AE}.Debug|Any CPU.Build.0 = Debug|Any CPU
		{28B1253B-EFF2-4788-A602-0649A12F08AE}.Release|Any CPU.ActiveCfg = Release|Any CPU
		{28B1253B-EFF2-4788-A602-0649A12F08AE}.Release|Any CPU.Build.0 = Release|Any CPU
	EndGlobalSection
	GlobalSection(SolutionProperties) = preSolution
		HideSolutionNode = FALSE
	EndGlobalSection
	GlobalSection(ExtensibilityGlobals) = postSolution
		SolutionGuid = {9D0C890B-50C4-487C-8833-74BD60B64C19}
	EndGlobalSection
EndGlobal
